github.com/andybalholm/brotli v1.0.5 h1:8uQZIdzKmjc/iuPu7O2ioW48L81FgatrcpfFmiq/cCs=
github.com/andybalholm/brotli v1.0.5/go.mod h1:fO7iG3H7G2nSZ7m0zPUDn85XEX2GTukHGRSepvi9Eig=
github.com/ouqiang/websocket v1.6.2/go.mod h1:fIROJIHRlQwgCyUFTMzaaIcs4HIwUj2xlOW43u9Sf+M=
github.com/viki-org/dnscache v0.0.0-20130720023526-c70c1f23c5d8/go.mod h1:dniwbG03GafCjFohMDmz6Zc6oCuiqgH6tGNyXTkHzXE=
golang.org/x/sys v0.6.0 h1:MVltZSvRTcU2ljQOhs94SXPftV6DCNnZViHeQps87pQ=
golang.org/x/sys v0.6.0/go.mod h1:oPkhp1MJrh7nUepCBck5+mAzfO9JrbApNNgaTdGDITg=
golang.org/x/sys v0.7.0 h1:3jlCCIQZPdOYu1h8BkNvLz8Kgwtae2cagcG/VamtZRU=
golang.org/x/sys v0.7.0/go.mod h1:oPkhp1MJrh7nUepCBck5+mAzfO9JrbApNNgaTdGDITg=
gopkg.in/elazarl/goproxy.v1 v1.0.0-20180725130230-947c36da3153 h1:i2sumy6EgvN2dbX7HPhoDc7hLyoym3OYdU5HlvUUrpE=
gopkg.in/elazarl/goproxy.v1 v1.0.0-20180725130230-947c36da3153/go.mod h1:xzjpkyedLMz3EXUTBbkRuuGPsxfsBX3Sy7J6kC9Gvoc=
