github.com/ouqiang/goproxy v1.3.2 h1:+3uBRrM0RU4LFcsH0lbWsdUCoHIzoRxk+ISPbIS3lTk=
github.com/ouqiang/goproxy v1.3.2/go.mod h1:yF0a+DlUi0Zff28iUeuqLov90bivevUX9uOn3Yk9rww=
github.com/ouqiang/websocket v1.6.2 h1:LGQIySbQO3ahZCl34v9xBVb0yncDk8yIcuEIbWBab/U=
github.com/ouqiang/websocket v1.6.2/go.mod h1:fIROJIHRlQwgCyUFTMzaaIcs4HIwUj2xlOW43u9Sf+M=
github.com/viki-org/dnscache v0.0.0-20130720023526-c70c1f23c5d8 h1:EVObHAr8DqpoJCVv6KYTle8FEImKhtkfcZetNqxDoJQ=
github.com/viki-org/dnscache v0.0.0-20130720023526-c70c1f23c5d8/go.mod h1:dniwbG03GafCjFohMDmz6Zc6oCuiqgH6tGNyXTkHzXE=
